
Microsoft Visual Studio Solution File, Format Version 12.00
# Visual Studio Version 17
VisualStudioVersion = 17.8.34330.188
MinimumVisualStudioVersion = 10.0.40219.1
Project("{FAE04EC0-301F-11D3-BF4B-00C04F79EFBC}") = "CarParkingApplication", "CarParkingApplication\CarParkingApplication.csproj", "{1FE9A5EB-95D3-40C3-B8FE-87C85AD6D45C}"
EndProject
Project("{FAE04EC0-301F-11D3-BF4B-00C04F79EFBC}") = "CarParkingAssistant.Infrastructure", "CarParkingAssistant.Infrastructure\CarParkingAssistant.Infrastructure.csproj", "{92F65E8A-01A8-4CD6-A777-B041188D8D2F}"
EndProject
Global
	GlobalSection(SolutionConfigurationPlatforms) = preSolution
		Debug|Any CPU = Debug|Any CPU
		Release|Any CPU = Release|Any CPU
	EndGlobalSection
	GlobalSection(ProjectConfigurationPlatforms) = postSolution
		{1FE9A5EB-95D3-40C3-B8FE-87C85AD6D45C}.Debug|Any CPU.ActiveCfg = Debug|Any CPU
		{1FE9A5EB-95D3-40C3-B8FE-87C85AD6D45C}.Debug|Any CPU.Build.0 = Debug|Any CPU
		{1FE9A5EB-95D3-40C3-B8FE-87C85AD6D45C}.Release|Any CPU.ActiveCfg = Release|Any CPU
		{1FE9A5EB-95D3-40C3-B8FE-87C85AD6D45C}.Release|Any CPU.Build.0 = Release|Any CPU
		{92F65E8A-01A8-4CD6-A777-B041188D8D2F}.Debug|Any CPU.ActiveCfg = Debug|Any CPU
		{92F65E8A-01A8-4CD6-A777-B041188D8D2F}.Debug|Any CPU.Build.0 = Debug|Any CPU
		{92F65E8A-01A8-4CD6-A777-B041188D8D2F}.Release|Any CPU.ActiveCfg = Release|Any CPU
		{92F65E8A-01A8-4CD6-A777-B041188D8D2F}.Release|Any CPU.Build.0 = Release|Any CPU
	EndGlobalSection
	GlobalSection(SolutionProperties) = preSolution
		HideSolutionNode = FALSE
	EndGlobalSection
	GlobalSection(ExtensibilityGlobals) = postSolution
		SolutionGuid = {A5CA5AC7-22EA-4723-AEF9-6822505E453C}
	EndGlobalSection
EndGlobal
